
Microsoft Visual Studio Solution File, Format Version 12.00
# Visual Studio 15
VisualStudioVersion = 15.0.26124.0
MinimumVisualStudioVersion = 15.0.26124.0
Project("{2150E333-8FDC-42A3-9474-1A3956D46DE8}") = "Code", "Code", "{FFA73CAF-FD1B-4E9E-BE8B-BC96CD0FD3D1}"
EndProject
Project("{FAE04EC0-301F-11D3-BF4B-00C04F79EFBC}") = "dotNetCoremysql.Api", "Code\dotNetCoremysql.Api\dotNetCoremysql.Api.csproj", "{EE68E59E-72E6-4EA5-BEAB-8ECA8B145B57}"
EndProject
Project("{FAE04EC0-301F-11D3-BF4B-00C04F79EFBC}") = "dotNetCoremysql.Business", "Code\dotNetCoremysql.Business\dotNetCoremysql.Business.csproj", "{6730506B-8377-4551-AA30-4D554CBB72FE}"
EndProject
Project("{FAE04EC0-301F-11D3-BF4B-00C04F79EFBC}") = "dotNetCoremysql.Data", "Code\dotNetCoremysql.Data\dotNetCoremysql.Data.csproj", "{77B26A56-6437-49A2-9279-57D87DD87FB8}"
EndProject
Project("{FAE04EC0-301F-11D3-BF4B-00C04F79EFBC}") = "dotNetCoremysql.Entities", "Code\dotNetCoremysql.Entities\dotNetCoremysql.Entities.csproj", "{2B345330-230B-439D-A742-E013241940F1}"
EndProject
Project("{FAE04EC0-301F-11D3-BF4B-00C04F79EFBC}") = "dotNetCoremysql.Test.Api", "Code\dotNetCoremysql.Test.Api\dotNetCoremysql.Test.Api.csproj", "{D61FE782-A145-4219-B97F-D7DF7BD54290}"
EndProject
Project("{FAE04EC0-301F-11D3-BF4B-00C04F79EFBC}") = "dotNetCoremysql.Test.Business", "Code\dotNetCoremysql.Test.Business\dotNetCoremysql.Test.Business.csproj", "{586BB41C-81D8-4582-A215-D7ADC1BE6CC6}"
EndProject
Project("{FAE04EC0-301F-11D3-BF4B-00C04F79EFBC}") = "dotNetCoremysql.Test.Framework", "Code\dotNetCoremysql.Test.Framework\dotNetCoremysql.Test.Framework.csproj", "{AB419982-E003-4668-887E-E86A8C5D75A1}"
EndProject
Project("{2150E333-8FDC-42A3-9474-1A3956D46DE8}") = "Test", "Test", "{7FB661BD-DC8E-43FB-A139-2C295BBDC52F}"
EndProject
Global
	GlobalSection(SolutionConfigurationPlatforms) = preSolution
		Debug|Any CPU = Debug|Any CPU
		Debug|x64 = Debug|x64
		Debug|x86 = Debug|x86
		Release|Any CPU = Release|Any CPU
		Release|x64 = Release|x64
		Release|x86 = Release|x86
	EndGlobalSection
	GlobalSection(SolutionProperties) = preSolution
		HideSolutionNode = FALSE
	EndGlobalSection
	GlobalSection(ProjectConfigurationPlatforms) = postSolution
		{EE68E59E-72E6-4EA5-BEAB-8ECA8B145B57}.Debug|Any CPU.ActiveCfg = Debug|Any CPU
		{EE68E59E-72E6-4EA5-BEAB-8ECA8B145B57}.Debug|Any CPU.Build.0 = Debug|Any CPU
		{EE68E59E-72E6-4EA5-BEAB-8ECA8B145B57}.Debug|x64.ActiveCfg = Debug|Any CPU
		{EE68E59E-72E6-4EA5-BEAB-8ECA8B145B57}.Debug|x64.Build.0 = Debug|Any CPU
		{EE68E59E-72E6-4EA5-BEAB-8ECA8B145B57}.Debug|x86.ActiveCfg = Debug|Any CPU
		{EE68E59E-72E6-4EA5-BEAB-8ECA8B145B57}.Debug|x86.Build.0 = Debug|Any CPU
		{EE68E59E-72E6-4EA5-BEAB-8ECA8B145B57}.Release|Any CPU.ActiveCfg = Release|Any CPU
		{EE68E59E-72E6-4EA5-BEAB-8ECA8B145B57}.Release|Any CPU.Build.0 = Release|Any CPU
		{EE68E59E-72E6-4EA5-BEAB-8ECA8B145B57}.Release|x64.ActiveCfg = Release|Any CPU
		{EE68E59E-72E6-4EA5-BEAB-8ECA8B145B57}.Release|x64.Build.0 = Release|Any CPU
		{EE68E59E-72E6-4EA5-BEAB-8ECA8B145B57}.Release|x86.ActiveCfg = Release|Any CPU
		{EE68E59E-72E6-4EA5-BEAB-8ECA8B145B57}.Release|x86.Build.0 = Release|Any CPU
		{6730506B-8377-4551-AA30-4D554CBB72FE}.Debug|Any CPU.ActiveCfg = Debug|Any CPU
		{6730506B-8377-4551-AA30-4D554CBB72FE}.Debug|Any CPU.Build.0 = Debug|Any CPU
		{6730506B-8377-4551-AA30-4D554CBB72FE}.Debug|x64.ActiveCfg = Debug|Any CPU
		{6730506B-8377-4551-AA30-4D554CBB72FE}.Debug|x64.Build.0 = Debug|Any CPU
		{6730506B-8377-4551-AA30-4D554CBB72FE}.Debug|x86.ActiveCfg = Debug|Any CPU
		{6730506B-8377-4551-AA30-4D554CBB72FE}.Debug|x86.Build.0 = Debug|Any CPU
		{6730506B-8377-4551-AA30-4D554CBB72FE}.Release|Any CPU.ActiveCfg = Release|Any CPU
		{6730506B-8377-4551-AA30-4D554CBB72FE}.Release|Any CPU.Build.0 = Release|Any CPU
		{6730506B-8377-4551-AA30-4D554CBB72FE}.Release|x64.ActiveCfg = Release|Any CPU
		{6730506B-8377-4551-AA30-4D554CBB72FE}.Release|x64.Build.0 = Release|Any CPU
		{6730506B-8377-4551-AA30-4D554CBB72FE}.Release|x86.ActiveCfg = Release|Any CPU
		{6730506B-8377-4551-AA30-4D554CBB72FE}.Release|x86.Build.0 = Release|Any CPU
		{77B26A56-6437-49A2-9279-57D87DD87FB8}.Debug|Any CPU.ActiveCfg = Debug|Any CPU
		{77B26A56-6437-49A2-9279-57D87DD87FB8}.Debug|Any CPU.Build.0 = Debug|Any CPU
		{77B26A56-6437-49A2-9279-57D87DD87FB8}.Debug|x64.ActiveCfg = Debug|Any CPU
		{77B26A56-6437-49A2-9279-57D87DD87FB8}.Debug|x64.Build.0 = Debug|Any CPU
		{77B26A56-6437-49A2-9279-57D87DD87FB8}.Debug|x86.ActiveCfg = Debug|Any CPU
		{77B26A56-6437-49A2-9279-57D87DD87FB8}.Debug|x86.Build.0 = Debug|Any CPU
		{77B26A56-6437-49A2-9279-57D87DD87FB8}.Release|Any CPU.ActiveCfg = Release|Any CPU
		{77B26A56-6437-49A2-9279-57D87DD87FB8}.Release|Any CPU.Build.0 = Release|Any CPU
		{77B26A56-6437-49A2-9279-57D87DD87FB8}.Release|x64.ActiveCfg = Release|Any CPU
		{77B26A56-6437-49A2-9279-57D87DD87FB8}.Release|x64.Build.0 = Release|Any CPU
		{77B26A56-6437-49A2-9279-57D87DD87FB8}.Release|x86.ActiveCfg = Release|Any CPU
		{77B26A56-6437-49A2-9279-57D87DD87FB8}.Release|x86.Build.0 = Release|Any CPU
		{2B345330-230B-439D-A742-E013241940F1}.Debug|Any CPU.ActiveCfg = Debug|Any CPU
		{2B345330-230B-439D-A742-E013241940F1}.Debug|Any CPU.Build.0 = Debug|Any CPU
		{2B345330-230B-439D-A742-E013241940F1}.Debug|x64.ActiveCfg = Debug|Any CPU
		{2B345330-230B-439D-A742-E013241940F1}.Debug|x64.Build.0 = Debug|Any CPU
		{2B345330-230B-439D-A742-E013241940F1}.Debug|x86.ActiveCfg = Debug|Any CPU
		{2B345330-230B-439D-A742-E013241940F1}.Debug|x86.Build.0 = Debug|Any CPU
		{2B345330-230B-439D-A742-E013241940F1}.Release|Any CPU.ActiveCfg = Release|Any CPU
		{2B345330-230B-439D-A742-E013241940F1}.Release|Any CPU.Build.0 = Release|Any CPU
		{2B345330-230B-439D-A742-E013241940F1}.Release|x64.ActiveCfg = Release|Any CPU
		{2B345330-230B-439D-A742-E013241940F1}.Release|x64.Build.0 = Release|Any CPU
		{2B345330-230B-439D-A742-E013241940F1}.Release|x86.ActiveCfg = Release|Any CPU
		{2B345330-230B-439D-A742-E013241940F1}.Release|x86.Build.0 = Release|Any CPU
		{D61FE782-A145-4219-B97F-D7DF7BD54290}.Debug|Any CPU.ActiveCfg = Debug|Any CPU
		{D61FE782-A145-4219-B97F-D7DF7BD54290}.Debug|Any CPU.Build.0 = Debug|Any CPU
		{D61FE782-A145-4219-B97F-D7DF7BD54290}.Debug|x64.ActiveCfg = Debug|Any CPU
		{D61FE782-A145-4219-B97F-D7DF7BD54290}.Debug|x64.Build.0 = Debug|Any CPU
		{D61FE782-A145-4219-B97F-D7DF7BD54290}.Debug|x86.ActiveCfg = Debug|Any CPU
		{D61FE782-A145-4219-B97F-D7DF7BD54290}.Debug|x86.Build.0 = Debug|Any CPU
		{D61FE782-A145-4219-B97F-D7DF7BD54290}.Release|Any CPU.ActiveCfg = Release|Any CPU
		{D61FE782-A145-4219-B97F-D7DF7BD54290}.Release|Any CPU.Build.0 = Release|Any CPU
		{D61FE782-A145-4219-B97F-D7DF7BD54290}.Release|x64.ActiveCfg = Release|Any CPU
		{D61FE782-A145-4219-B97F-D7DF7BD54290}.Release|x64.Build.0 = Release|Any CPU
		{D61FE782-A145-4219-B97F-D7DF7BD54290}.Release|x86.ActiveCfg = Release|Any CPU
		{D61FE782-A145-4219-B97F-D7DF7BD54290}.Release|x86.Build.0 = Release|Any CPU
		{586BB41C-81D8-4582-A215-D7ADC1BE6CC6}.Debug|Any CPU.ActiveCfg = Debug|Any CPU
		{586BB41C-81D8-4582-A215-D7ADC1BE6CC6}.Debug|Any CPU.Build.0 = Debug|Any CPU
		{586BB41C-81D8-4582-A215-D7ADC1BE6CC6}.Debug|x64.ActiveCfg = Debug|Any CPU
		{586BB41C-81D8-4582-A215-D7ADC1BE6CC6}.Debug|x64.Build.0 = Debug|Any CPU
		{586BB41C-81D8-4582-A215-D7ADC1BE6CC6}.Debug|x86.ActiveCfg = Debug|Any CPU
		{586BB41C-81D8-4582-A215-D7ADC1BE6CC6}.Debug|x86.Build.0 = Debug|Any CPU
		{586BB41C-81D8-4582-A215-D7ADC1BE6CC6}.Release|Any CPU.ActiveCfg = Release|Any CPU
		{586BB41C-81D8-4582-A215-D7ADC1BE6CC6}.Release|Any CPU.Build.0 = Release|Any CPU
		{586BB41C-81D8-4582-A215-D7ADC1BE6CC6}.Release|x64.ActiveCfg = Release|Any CPU
		{586BB41C-81D8-4582-A215-D7ADC1BE6CC6}.Release|x64.Build.0 = Release|Any CPU
		{586BB41C-81D8-4582-A215-D7ADC1BE6CC6}.Release|x86.ActiveCfg = Release|Any CPU
		{586BB41C-81D8-4582-A215-D7ADC1BE6CC6}.Release|x86.Build.0 = Release|Any CPU
		{AB419982-E003-4668-887E-E86A8C5D75A1}.Debug|Any CPU.ActiveCfg = Debug|Any CPU
		{AB419982-E003-4668-887E-E86A8C5D75A1}.Debug|Any CPU.Build.0 = Debug|Any CPU
		{AB419982-E003-4668-887E-E86A8C5D75A1}.Debug|x64.ActiveCfg = Debug|Any CPU
		{AB419982-E003-4668-887E-E86A8C5D75A1}.Debug|x64.Build.0 = Debug|Any CPU
		{AB419982-E003-4668-887E-E86A8C5D75A1}.Debug|x86.ActiveCfg = Debug|Any CPU
		{AB419982-E003-4668-887E-E86A8C5D75A1}.Debug|x86.Build.0 = Debug|Any CPU
		{AB419982-E003-4668-887E-E86A8C5D75A1}.Release|Any CPU.ActiveCfg = Release|Any CPU
		{AB419982-E003-4668-887E-E86A8C5D75A1}.Release|Any CPU.Build.0 = Release|Any CPU
		{AB419982-E003-4668-887E-E86A8C5D75A1}.Release|x64.ActiveCfg = Release|Any CPU
		{AB419982-E003-4668-887E-E86A8C5D75A1}.Release|x64.Build.0 = Release|Any CPU
		{AB419982-E003-4668-887E-E86A8C5D75A1}.Release|x86.ActiveCfg = Release|Any CPU
		{AB419982-E003-4668-887E-E86A8C5D75A1}.Release|x86.Build.0 = Release|Any CPU
	EndGlobalSection
	GlobalSection(NestedProjects) = preSolution
		{EE68E59E-72E6-4EA5-BEAB-8ECA8B145B57} = {FFA73CAF-FD1B-4E9E-BE8B-BC96CD0FD3D1}
		{6730506B-8377-4551-AA30-4D554CBB72FE} = {FFA73CAF-FD1B-4E9E-BE8B-BC96CD0FD3D1}
		{77B26A56-6437-49A2-9279-57D87DD87FB8} = {FFA73CAF-FD1B-4E9E-BE8B-BC96CD0FD3D1}
		{2B345330-230B-439D-A742-E013241940F1} = {FFA73CAF-FD1B-4E9E-BE8B-BC96CD0FD3D1}
		{D61FE782-A145-4219-B97F-D7DF7BD54290} = {7FB661BD-DC8E-43FB-A139-2C295BBDC52F}
		{586BB41C-81D8-4582-A215-D7ADC1BE6CC6} = {7FB661BD-DC8E-43FB-A139-2C295BBDC52F}
		{AB419982-E003-4668-887E-E86A8C5D75A1} = {7FB661BD-DC8E-43FB-A139-2C295BBDC52F}
	EndGlobalSection
EndGlobal
